
Microsoft Visual Studio Solution File, Format Version 12.00
# Visual Studio 14
VisualStudioVersion = 14.0.25420.1
MinimumVisualStudioVersion = 10.0.40219.1
Project("{FAE04EC0-301F-11D3-BF4B-00C04F79EFBC}") = "ZLib", "ZLib\ZLib.csproj", "{74B6A21E-99D7-41BC-B227-23D106B9E165}"
EndProject
Project("{FAE04EC0-301F-11D3-BF4B-00C04F79EFBC}") = "Security1", "Security1\Security1.csproj", "{453166FC-84C9-4C1D-9E53-E028451307D8}"
EndProject
Global
	GlobalSection(SolutionConfigurationPlatforms) = preSolution
		Debug|Any CPU = Debug|Any CPU
		Release|Any CPU = Release|Any CPU
	EndGlobalSection
	GlobalSection(ProjectConfigurationPlatforms) = postSolution
		{74B6A21E-99D7-41BC-B227-23D106B9E165}.Debug|Any CPU.ActiveCfg = Debug|Any CPU
		{74B6A21E-99D7-41BC-B227-23D106B9E165}.Debug|Any CPU.Build.0 = Debug|Any CPU
		{74B6A21E-99D7-41BC-B227-23D106B9E165}.Release|Any CPU.ActiveCfg = Release|Any CPU
		{74B6A21E-99D7-41BC-B227-23D106B9E165}.Release|Any CPU.Build.0 = Release|Any CPU
		{453166FC-84C9-4C1D-9E53-E028451307D8}.Debug|Any CPU.ActiveCfg = Debug|Any CPU
		{453166FC-84C9-4C1D-9E53-E028451307D8}.Debug|Any CPU.Build.0 = Debug|Any CPU
		{453166FC-84C9-4C1D-9E53-E028451307D8}.Release|Any CPU.ActiveCfg = Release|Any CPU
		{453166FC-84C9-4C1D-9E53-E028451307D8}.Release|Any CPU.Build.0 = Release|Any CPU
	EndGlobalSection
	GlobalSection(SolutionProperties) = preSolution
		HideSolutionNode = FALSE
	EndGlobalSection
EndGlobal
